
Microsoft Visual Studio Solution File, Format Version 12.00
# Visual Studio Version 17
VisualStudioVersion = 17.5.33424.131
MinimumVisualStudioVersion = 10.0.40219.1
Project("{9A19103F-16F7-4668-BE54-9A1E7A4F7556}") = "ProyectoIntegradorLibreria", "ProyectoIntegradorLibreria\ProyectoIntegradorLibreria.csproj", "{347D22DA-5F5B-4FB2-BCA7-B5E221B96B81}"
EndProject
Project("{9A19103F-16F7-4668-BE54-9A1E7A4F7556}") = "ProyectoIntegradorAccessData", "ProyectoIntegradorAccessData\ProyectoIntegradorAccessData.csproj", "{8DA29F07-5F81-4C21-9A91-B4926ED01D9F}"
EndProject
Project("{9A19103F-16F7-4668-BE54-9A1E7A4F7556}") = "ProyectoIntegradorLogicaAplicacion", "ProyectoIntegradorLogicaAplicacion\ProyectoIntegradorLogicaAplicacion.csproj", "{304FDC3B-F956-4154-84F0-E0AC1C00539D}"
EndProject
Project("{FAE04EC0-301F-11D3-BF4B-00C04F79EFBC}") = "WebApiVersion3", "WebApiEuge\WebApiVersion3.csproj", "{0DA8F393-CA5A-461F-BB63-E0367D2EDE6A}"
EndProject
Global
	GlobalSection(SolutionConfigurationPlatforms) = preSolution
		Debug|Any CPU = Debug|Any CPU
		Release|Any CPU = Release|Any CPU
	EndGlobalSection
	GlobalSection(ProjectConfigurationPlatforms) = postSolution
		{347D22DA-5F5B-4FB2-BCA7-B5E221B96B81}.Debug|Any CPU.ActiveCfg = Debug|Any CPU
		{347D22DA-5F5B-4FB2-BCA7-B5E221B96B81}.Debug|Any CPU.Build.0 = Debug|Any CPU
		{347D22DA-5F5B-4FB2-BCA7-B5E221B96B81}.Release|Any CPU.ActiveCfg = Release|Any CPU
		{347D22DA-5F5B-4FB2-BCA7-B5E221B96B81}.Release|Any CPU.Build.0 = Release|Any CPU
		{8DA29F07-5F81-4C21-9A91-B4926ED01D9F}.Debug|Any CPU.ActiveCfg = Debug|Any CPU
		{8DA29F07-5F81-4C21-9A91-B4926ED01D9F}.Debug|Any CPU.Build.0 = Debug|Any CPU
		{8DA29F07-5F81-4C21-9A91-B4926ED01D9F}.Release|Any CPU.ActiveCfg = Release|Any CPU
		{8DA29F07-5F81-4C21-9A91-B4926ED01D9F}.Release|Any CPU.Build.0 = Release|Any CPU
		{304FDC3B-F956-4154-84F0-E0AC1C00539D}.Debug|Any CPU.ActiveCfg = Debug|Any CPU
		{304FDC3B-F956-4154-84F0-E0AC1C00539D}.Debug|Any CPU.Build.0 = Debug|Any CPU
		{304FDC3B-F956-4154-84F0-E0AC1C00539D}.Release|Any CPU.ActiveCfg = Release|Any CPU
		{304FDC3B-F956-4154-84F0-E0AC1C00539D}.Release|Any CPU.Build.0 = Release|Any CPU
		{0DA8F393-CA5A-461F-BB63-E0367D2EDE6A}.Debug|Any CPU.ActiveCfg = Debug|Any CPU
		{0DA8F393-CA5A-461F-BB63-E0367D2EDE6A}.Debug|Any CPU.Build.0 = Debug|Any CPU
		{0DA8F393-CA5A-461F-BB63-E0367D2EDE6A}.Release|Any CPU.ActiveCfg = Release|Any CPU
		{0DA8F393-CA5A-461F-BB63-E0367D2EDE6A}.Release|Any CPU.Build.0 = Release|Any CPU
	EndGlobalSection
	GlobalSection(SolutionProperties) = preSolution
		HideSolutionNode = FALSE
	EndGlobalSection
	GlobalSection(ExtensibilityGlobals) = postSolution
		SolutionGuid = {44FB9C30-797B-4193-8EC0-42765E8CC8BC}
	EndGlobalSection
EndGlobal
